// !$*UTF8*$!
{
	archiveVersion = 1;
	classes = {
	};
	objectVersion = 50;
	objects = {

/* Begin PBXBuildFile section */
		18EDEB7A22C10D1100A03DB5 /* AppDelegate.swift in Sources */ = {isa = PBXBuildFile; fileRef = 18EDEB7922C10D1100A03DB5 /* AppDelegate.swift */; };
		18EDEB7F22C10D1200A03DB5 /* Main.storyboard in Resources */ = {isa = PBXBuildFile; fileRef = 18EDEB7D22C10D1200A03DB5 /* Main.storyboard */; };
		18EDEB8222C10D1200A03DB5 /* to_do_list.xcdatamodeld in Sources */ = {isa = PBXBuildFile; fileRef = 18EDEB8022C10D1200A03DB5 /* to_do_list.xcdatamodeld */; };
		18EDEB8422C10D1300A03DB5 /* Assets.xcassets in Resources */ = {isa = PBXBuildFile; fileRef = 18EDEB8322C10D1300A03DB5 /* Assets.xcassets */; };
		18EDEB8722C10D1300A03DB5 /* LaunchScreen.storyboard in Resources */ = {isa = PBXBuildFile; fileRef = 18EDEB8522C10D1300A03DB5 /* LaunchScreen.storyboard */; };
		18EDEB9222C10D1300A03DB5 /* to_do_listTests.swift in Sources */ = {isa = PBXBuildFile; fileRef = 18EDEB9122C10D1300A03DB5 /* to_do_listTests.swift */; };
		18EDEB9D22C10D1300A03DB5 /* to_do_listUITests.swift in Sources */ = {isa = PBXBuildFile; fileRef = 18EDEB9C22C10D1300A03DB5 /* to_do_listUITests.swift */; };
		18EDEBAB22C1100B00A03DB5 /* ToDo.swift in Sources */ = {isa = PBXBuildFile; fileRef = 18EDEBAA22C1100B00A03DB5 /* ToDo.swift */; };
		18EDEBAF22C1113900A03DB5 /* ToDoTableViewController.swift in Sources */ = {isa = PBXBuildFile; fileRef = 18EDEBAE22C1113900A03DB5 /* ToDoTableViewController.swift */; };
/* End PBXBuildFile section */

/* Begin PBXContainerItemProxy section */
		18EDEB8E22C10D1300A03DB5 /* PBXContainerItemProxy */ = {
			isa = PBXContainerItemProxy;
			containerPortal = 18EDEB6E22C10D1100A03DB5 /* Project object */;
			proxyType = 1;
			remoteGlobalIDString = 18EDEB7522C10D1100A03DB5;
			remoteInfo = "to do list";
		};
		18EDEB9922C10D1300A03DB5 /* PBXContainerItemProxy */ = {
			isa = PBXContainerItemProxy;
			containerPortal = 18EDEB6E22C10D1100A03DB5 /* Project object */;
			proxyType = 1;
			remoteGlobalIDString = 18EDEB7522C10D1100A03DB5;
			remoteInfo = "to do list";
		};
/* End PBXContainerItemProxy section */

/* Begin PBXFileReference section */
		18EDEB7622C10D1100A03DB5 /* to do list.app */ = {isa = PBXFileReference; explicitFileType = wrapper.application; includeInIndex = 0; path = "to do list.app"; sourceTree = BUILT_PRODUCTS_DIR; };
		18EDEB7922C10D1100A03DB5 /* AppDelegate.swift */ = {isa = PBXFileReference; lastKnownFileType = sourcecode.swift; path = AppDelegate.swift; sourceTree = "<group>"; };
		18EDEB7E22C10D1200A03DB5 /* Base */ = {isa = PBXFileReference; lastKnownFileType = file.storyboard; name = Base; path = Base.lproj/Main.storyboard; sourceTree = "<group>"; };
		18EDEB8122C10D1200A03DB5 /* to_do_list.xcdatamodel */ = {isa = PBXFileReference; lastKnownFileType = wrapper.xcdatamodel; path = to_do_list.xcdatamodel; sourceTree = "<group>"; };
		18EDEB8322C10D1300A03DB5 /* Assets.xcassets */ = {isa = PBXFileReference; lastKnownFileType = folder.assetcatalog; path = Assets.xcassets; sourceTree = "<group>"; };
		18EDEB8622C10D1300A03DB5 /* Base */ = {isa = PBXFileReference; lastKnownFileType = file.storyboard; name = Base; path = Base.lproj/LaunchScreen.storyboard; sourceTree = "<group>"; };
		18EDEB8822C10D1300A03DB5 /* Info.plist */ = {isa = PBXFileReference; lastKnownFileType = text.plist.xml; path = Info.plist; sourceTree = "<group>"; };
		18EDEB8D22C10D1300A03DB5 /* to do listTests.xctest */ = {isa = PBXFileReference; explicitFileType = wrapper.cfbundle; includeInIndex = 0; path = "to do listTests.xctest"; sourceTree = BUILT_PRODUCTS_DIR; };
		18EDEB9122C10D1300A03DB5 /* to_do_listTests.swift */ = {isa = PBXFileReference; lastKnownFileType = sourcecode.swift; path = to_do_listTests.swift; sourceTree = "<group>"; };
		18EDEB9322C10D1300A03DB5 /* Info.plist */ = {isa = PBXFileReference; lastKnownFileType = text.plist.xml; path = Info.plist; sourceTree = "<group>"; };
		18EDEB9822C10D1300A03DB5 /* to do listUITests.xctest */ = {isa = PBXFileReference; explicitFileType = wrapper.cfbundle; includeInIndex = 0; path = "to do listUITests.xctest"; sourceTree = BUILT_PRODUCTS_DIR; };
		18EDEB9C22C10D1300A03DB5 /* to_do_listUITests.swift */ = {isa = PBXFileReference; lastKnownFileType = sourcecode.swift; path = to_do_listUITests.swift; sourceTree = "<group>"; };
		18EDEB9E22C10D1300A03DB5 /* Info.plist */ = {isa = PBXFileReference; lastKnownFileType = text.plist.xml; path = Info.plist; sourceTree = "<group>"; };
		18EDEBAA22C1100B00A03DB5 /* ToDo.swift */ = {isa = PBXFileReference; lastKnownFileType = sourcecode.swift; path = ToDo.swift; sourceTree = "<group>"; };
		18EDEBAE22C1113900A03DB5 /* ToDoTableViewController.swift */ = {isa = PBXFileReference; lastKnownFileType = sourcecode.swift; path = ToDoTableViewController.swift; sourceTree = "<group>"; };
/* End PBXFileReference section */

/* Begin PBXFrameworksBuildPhase section */
		18EDEB7322C10D1100A03DB5 /* Frameworks */ = {
			isa = PBXFrameworksBuildPhase;
			buildActionMask = 2147483647;
			files = (
			);
			runOnlyForDeploymentPostprocessing = 0;
		};
		18EDEB8A22C10D1300A03DB5 /* Frameworks */ = {
			isa = PBXFrameworksBuildPhase;
			buildActionMask = 2147483647;
			files = (
			);
			runOnlyForDeploymentPostprocessing = 0;
		};
		18EDEB9522C10D1300A03DB5 /* Frameworks */ = {
			isa = PBXFrameworksBuildPhase;
			buildActionMask = 2147483647;
			files = (
			);
			runOnlyForDeploymentPostprocessing = 0;
		};
/* End PBXFrameworksBuildPhase section */

/* Begin PBXGroup section */
		18EDEB6D22C10D1100A03DB5 = {
			isa = PBXGroup;
			children = (
				18EDEB7822C10D1100A03DB5 /* to do list */,
				18EDEB9022C10D1300A03DB5 /* to do listTests */,
				18EDEB9B22C10D1300A03DB5 /* to do listUITests */,
				18EDEB7722C10D1100A03DB5 /* Products */,
			);
			sourceTree = "<group>";
		};
		18EDEB7722C10D1100A03DB5 /* Products */ = {
			isa = PBXGroup;
			children = (
				18EDEB7622C10D1100A03DB5 /* to do list.app */,
				18EDEB8D22C10D1300A03DB5 /* to do listTests.xctest */,
				18EDEB9822C10D1300A03DB5 /* to do listUITests.xctest */,
			);
			name = Products;
			sourceTree = "<group>";
		};
		18EDEB7822C10D1100A03DB5 /* to do list */ = {
			isa = PBXGroup;
			children = (
				18EDEB7922C10D1100A03DB5 /* AppDelegate.swift */,
				18EDEB7D22C10D1200A03DB5 /* Main.storyboard */,
				18EDEBAA22C1100B00A03DB5 /* ToDo.swift */,
				18EDEB8322C10D1300A03DB5 /* Assets.xcassets */,
				18EDEB8522C10D1300A03DB5 /* LaunchScreen.storyboard */,
				18EDEB8822C10D1300A03DB5 /* Info.plist */,
				18EDEBAE22C1113900A03DB5 /* ToDoTableViewController.swift */,
				18EDEB8022C10D1200A03DB5 /* to_do_list.xcdatamodeld */,
			);
			path = "to do list";
			sourceTree = "<group>";
		};
		18EDEB9022C10D1300A03DB5 /* to do listTests */ = {
			isa = PBXGroup;
			children = (
				18EDEB9122C10D1300A03DB5 /* to_do_listTests.swift */,
				18EDEB9322C10D1300A03DB5 /* Info.plist */,
			);
			path = "to do listTests";
			sourceTree = "<group>";
		};
		18EDEB9B22C10D1300A03DB5 /* to do listUITests */ = {
			isa = PBXGroup;
			children = (
				18EDEB9C22C10D1300A03DB5 /* to_do_listUITests.swift */,
				18EDEB9E22C10D1300A03DB5 /* Info.plist */,
			);
			path = "to do listUITests";
			sourceTree = "<group>";
		};
/* End PBXGroup section */

/* Begin PBXNativeTarget section */
		18EDEB7522C10D1100A03DB5 /* to do list */ = {
			isa = PBXNativeTarget;
			buildConfigurationList = 18EDEBA122C10D1300A03DB5 /* Build configuration list for PBXNativeTarget "to do list" */;
			buildPhases = (
				18EDEB7222C10D1100A03DB5 /* Sources */,
				18EDEB7322C10D1100A03DB5 /* Frameworks */,
				18EDEB7422C10D1100A03DB5 /* Resources */,
			);
			buildRules = (
			);
			dependencies = (
			);
			name = "to do list";
			productName = "to do list";
			productReference = 18EDEB7622C10D1100A03DB5 /* to do list.app */;
			productType = "com.apple.product-type.application";
		};
		18EDEB8C22C10D1300A03DB5 /* to do listTests */ = {
			isa = PBXNativeTarget;
			buildConfigurationList = 18EDEBA422C10D1300A03DB5 /* Build configuration list for PBXNativeTarget "to do listTests" */;
			buildPhases = (
				18EDEB8922C10D1300A03DB5 /* Sources */,
				18EDEB8A22C10D1300A03DB5 /* Frameworks */,
				18EDEB8B22C10D1300A03DB5 /* Resources */,
			);
			buildRules = (
			);
			dependencies = (
				18EDEB8F22C10D1300A03DB5 /* PBXTargetDependency */,
			);
			name = "to do listTests";
			productName = "to do listTests";
			productReference = 18EDEB8D22C10D1300A03DB5 /* to do listTests.xctest */;
			productType = "com.apple.product-type.bundle.unit-test";
		};
		18EDEB9722C10D1300A03DB5 /* to do listUITests */ = {
			isa = PBXNativeTarget;
			buildConfigurationList = 18EDEBA722C10D1300A03DB5 /* Build configuration list for PBXNativeTarget "to do listUITests" */;
			buildPhases = (
				18EDEB9422C10D1300A03DB5 /* Sources */,
				18EDEB9522C10D1300A03DB5 /* Frameworks */,
				18EDEB9622C10D1300A03DB5 /* Resources */,
			);
			buildRules = (
			);
			dependencies = (
				18EDEB9A22C10D1300A03DB5 /* PBXTargetDependency */,
			);
			name = "to do listUITests";
			productName = "to do listUITests";
			productReference = 18EDEB9822C10D1300A03DB5 /* to do listUITests.xctest */;
			productType = "com.apple.product-type.bundle.ui-testing";
		};
/* End PBXNativeTarget section */

/* Begin PBXProject section */
		18EDEB6E22C10D1100A03DB5 /* Project object */ = {
			isa = PBXProject;
			attributes = {
				LastSwiftUpdateCheck = 1020;
				LastUpgradeCheck = 1020;
				ORGANIZATIONNAME = Apple;
				TargetAttributes = {
					18EDEB7522C10D1100A03DB5 = {
						CreatedOnToolsVersion = 10.2.1;
					};
					18EDEB8C22C10D1300A03DB5 = {
						CreatedOnToolsVersion = 10.2.1;
						TestTargetID = 18EDEB7522C10D1100A03DB5;
					};
					18EDEB9722C10D1300A03DB5 = {
						CreatedOnToolsVersion = 10.2.1;
						TestTargetID = 18EDEB7522C10D1100A03DB5;
					};
				};
			};
			buildConfigurationList = 18EDEB7122C10D1100A03DB5 /* Build configuration list for PBXProject "to do list" */;
			compatibilityVersion = "Xcode 9.3";
			developmentRegion = en;
			hasScannedForEncodings = 0;
			knownRegions = (
				en,
				Base,
			);
			mainGroup = 18EDEB6D22C10D1100A03DB5;
			productRefGroup = 18EDEB7722C10D1100A03DB5 /* Products */;
			projectDirPath = "";
			projectRoot = "";
			targets = (
				18EDEB7522C10D1100A03DB5 /* to do list */,
				18EDEB8C22C10D1300A03DB5 /* to do listTests */,
				18EDEB9722C10D1300A03DB5 /* to do listUITests */,
			);
		};
/* End PBXProject section */

/* Begin PBXResourcesBuildPhase section */
		18EDEB7422C10D1100A03DB5 /* Resources */ = {
			isa = PBXResourcesBuildPhase;
			buildActionMask = 2147483647;
			files = (
				18EDEB8722C10D1300A03DB5 /* LaunchScreen.storyboard in Resources */,
				18EDEB8422C10D1300A03DB5 /* Assets.xcassets in Resources */,
				18EDEB7F22C10D1200A03DB5 /* Main.storyboard in Resources */,
			);
			runOnlyForDeploymentPostprocessing = 0;
		};
		18EDEB8B22C10D1300A03DB5 /* Resources */ = {
			isa = PBXResourcesBuildPhase;
			buildActionMask = 2147483647;
			files = (
			);
			runOnlyForDeploymentPostprocessing = 0;
		};
		18EDEB9622C10D1300A03DB5 /* Resources */ = {
			isa = PBXResourcesBuildPhase;
			buildActionMask = 2147483647;
			files = (
			);
			runOnlyForDeploymentPostprocessing = 0;
		};
/* End PBXResourcesBuildPhase section */

/* Begin PBXSourcesBuildPhase section */
		18EDEB7222C10D1100A03DB5 /* Sources */ = {
			isa = PBXSourcesBuildPhase;
			buildActionMask = 2147483647;
			files = (
				18EDEBAB22C1100B00A03DB5 /* ToDo.swift in Sources */,
				18EDEBAF22C1113900A03DB5 /* ToDoTableViewController.swift in Sources */,
				18EDEB7A22C10D1100A03DB5 /* AppDelegate.swift in Sources */,
				18EDEB8222C10D1200A03DB5 /* to_do_list.xcdatamodeld in Sources */,
			);
			runOnlyForDeploymentPostprocessing = 0;
		};
		18EDEB8922C10D1300A03DB5 /* Sources */ = {
			isa = PBXSourcesBuildPhase;
			buildActionMask = 2147483647;
			files = (
				18EDEB9222C10D1300A03DB5 /* to_do_listTests.swift in Sources */,
			);
			runOnlyForDeploymentPostprocessing = 0;
		};
		18EDEB9422C10D1300A03DB5 /* Sources */ = {
			isa = PBXSourcesBuildPhase;
			buildActionMask = 2147483647;
			files = (
				18EDEB9D22C10D1300A03DB5 /* to_do_listUITests.swift in Sources */,
			);
			runOnlyForDeploymentPostprocessing = 0;
		};
/* End PBXSourcesBuildPhase section */

/* Begin PBXTargetDependency section */
		18EDEB8F22C10D1300A03DB5 /* PBXTargetDependency */ = {
			isa = PBXTargetDependency;
			target = 18EDEB7522C10D1100A03DB5 /* to do list */;
			targetProxy = 18EDEB8E22C10D1300A03DB5 /* PBXContainerItemProxy */;
		};
		18EDEB9A22C10D1300A03DB5 /* PBXTargetDependency */ = {
			isa = PBXTargetDependency;
			target = 18EDEB7522C10D1100A03DB5 /* to do list */;
			targetProxy = 18EDEB9922C10D1300A03DB5 /* PBXContainerItemProxy */;
		};
/* End PBXTargetDependency section */

/* Begin PBXVariantGroup section */
		18EDEB7D22C10D1200A03DB5 /* Main.storyboard */ = {
			isa = PBXVariantGroup;
			children = (
				18EDEB7E22C10D1200A03DB5 /* Base */,
			);
			name = Main.storyboard;
			sourceTree = "<group>";
		};
		18EDEB8522C10D1300A03DB5 /* LaunchScreen.storyboard */ = {
			isa = PBXVariantGroup;
			children = (
				18EDEB8622C10D1300A03DB5 /* Base */,
			);
			name = LaunchScreen.storyboard;
			sourceTree = "<group>";
		};
/* End PBXVariantGroup section */

/* Begin XCBuildConfiguration section */
		18EDEB9F22C10D1300A03DB5 /* Debug */ = {
			isa = XCBuildConfiguration;
			buildSettings = {
				ALWAYS_SEARCH_USER_PATHS = NO;
				CLANG_ANALYZER_NONNULL = YES;
				CLANG_ANALYZER_NUMBER_OBJECT_CONVERSION = YES_AGGRESSIVE;
				CLANG_CXX_LANGUAGE_STANDARD = "gnu++14";
				CLANG_CXX_LIBRARY = "libc++";
				CLANG_ENABLE_MODULES = YES;
				CLANG_ENABLE_OBJC_ARC = YES;
				CLANG_ENABLE_OBJC_WEAK = YES;
				CLANG_WARN_BLOCK_CAPTURE_AUTORELEASING = YES;
				CLANG_WARN_BOOL_CONVERSION = YES;
				CLANG_WARN_COMMA = YES;
				CLANG_WARN_CONSTANT_CONVERSION = YES;
				CLANG_WARN_DEPRECATED_OBJC_IMPLEMENTATIONS = YES;
				CLANG_WARN_DIRECT_OBJC_ISA_USAGE = YES_ERROR;
				CLANG_WARN_DOCUMENTATION_COMMENTS = YES;
				CLANG_WARN_EMPTY_BODY = YES;
				CLANG_WARN_ENUM_CONVERSION = YES;
				CLANG_WARN_INFINITE_RECURSION = YES;
				CLANG_WARN_INT_CONVERSION = YES;
				CLANG_WARN_NON_LITERAL_NULL_CONVERSION = YES;
				CLANG_WARN_OBJC_IMPLICIT_RETAIN_SELF = YES;
				CLANG_WARN_OBJC_LITERAL_CONVERSION = YES;
				CLANG_WARN_OBJC_ROOT_CLASS = YES_ERROR;
				CLANG_WARN_RANGE_LOOP_ANALYSIS = YES;
				CLANG_WARN_STRICT_PROTOTYPES = YES;
				CLANG_WARN_SUSPICIOUS_MOVE = YES;
				CLANG_WARN_UNGUARDED_AVAILABILITY = YES_AGGRESSIVE;
				CLANG_WARN_UNREACHABLE_CODE = YES;
				CLANG_WARN__DUPLICATE_METHOD_MATCH = YES;
				CODE_SIGN_IDENTITY = "iPhone Developer";
				COPY_PHASE_STRIP = NO;
				DEBUG_INFORMATION_FORMAT = dwarf;
				ENABLE_STRICT_OBJC_MSGSEND = YES;
				ENABLE_TESTABILITY = YES;
				GCC_C_LANGUAGE_STANDARD = gnu11;
				GCC_DYNAMIC_NO_PIC = NO;
				GCC_NO_COMMON_BLOCKS = YES;
				GCC_OPTIMIZATION_LEVEL = 0;
				GCC_PREPROCESSOR_DEFINITIONS = (
					"DEBUG=1",
					"$(inherited)",
				);
				GCC_WARN_64_TO_32_BIT_CONVERSION = YES;
				GCC_WARN_ABOUT_RETURN_TYPE = YES_ERROR;
				GCC_WARN_UNDECLARED_SELECTOR = YES;
				GCC_WARN_UNINITIALIZED_AUTOS = YES_AGGRESSIVE;
				GCC_WARN_UNUSED_FUNCTION = YES;
				GCC_WARN_UNUSED_VARIABLE = YES;
				IPHONEOS_DEPLOYMENT_TARGET = 12.2;
				MTL_ENABLE_DEBUG_INFO = INCLUDE_SOURCE;
				MTL_FAST_MATH = YES;
				ONLY_ACTIVE_ARCH = YES;
				SDKROOT = iphoneos;
				SWIFT_ACTIVE_COMPILATION_CONDITIONS = DEBUG;
				SWIFT_OPTIMIZATION_LEVEL = "-Onone";
			};
			name = Debug;
		};
		18EDEBA022C10D1300A03DB5 /* Release */ = {
			isa = XCBuildConfiguration;
			buildSettings = {
				ALWAYS_SEARCH_USER_PATHS = NO;
				CLANG_ANALYZER_NONNULL = YES;
				CLANG_ANALYZER_NUMBER_OBJECT_CONVERSION = YES_AGGRESSIVE;
				CLANG_CXX_LANGUAGE_STANDARD = "gnu++14";
				CLANG_CXX_LIBRARY = "libc++";
				CLANG_ENABLE_MODULES = YES;
				CLANG_ENABLE_OBJC_ARC = YES;
				CLANG_ENABLE_OBJC_WEAK = YES;
				CLANG_WARN_BLOCK_CAPTURE_AUTORELEASING = YES;
				CLANG_WARN_BOOL_CONVERSION = YES;
				CLANG_WARN_COMMA = YES;
				CLANG_WARN_CONSTANT_CONVERSION = YES;
				CLANG_WARN_DEPRECATED_OBJC_IMPLEMENTATIONS = YES;
				CLANG_WARN_DIRECT_OBJC_ISA_USAGE = YES_ERROR;
				CLANG_WARN_DOCUMENTATION_COMMENTS = YES;
				CLANG_WARN_EMPTY_BODY = YES;
				CLANG_WARN_ENUM_CONVERSION = YES;
				CLANG_WARN_INFINITE_RECURSION = YES;
				CLANG_WARN_INT_CONVERSION = YES;
				CLANG_WARN_NON_LITERAL_NULL_CONVERSION = YES;
				CLANG_WARN_OBJC_IMPLICIT_RETAIN_SELF = YES;
				CLANG_WARN_OBJC_LITERAL_CONVERSION = YES;
				CLANG_WARN_OBJC_ROOT_CLASS = YES_ERROR;
				CLANG_WARN_RANGE_LOOP_ANALYSIS = YES;
				CLANG_WARN_STRICT_PROTOTYPES = YES;
				CLANG_WARN_SUSPICIOUS_MOVE = YES;
				CLANG_WARN_UNGUARDED_AVAILABILITY = YES_AGGRESSIVE;
				CLANG_WARN_UNREACHABLE_CODE = YES;
				CLANG_WARN__DUPLICATE_METHOD_MATCH = YES;
				CODE_SIGN_IDENTITY = "iPhone Developer";
				COPY_PHASE_STRIP = NO;
				DEBUG_INFORMATION_FORMAT = "dwarf-with-dsym";
				ENABLE_NS_ASSERTIONS = NO;
				ENABLE_STRICT_OBJC_MSGSEND = YES;
				GCC_C_LANGUAGE_STANDARD = gnu11;
				GCC_NO_COMMON_BLOCKS = YES;
				GCC_WARN_64_TO_32_BIT_CONVERSION = YES;
				GCC_WARN_ABOUT_RETURN_TYPE = YES_ERROR;
				GCC_WARN_UNDECLARED_SELECTOR = YES;
				GCC_WARN_UNINITIALIZED_AUTOS = YES_AGGRESSIVE;
				GCC_WARN_UNUSED_FUNCTION = YES;
				GCC_WARN_UNUSED_VARIABLE = YES;
				IPHONEOS_DEPLOYMENT_TARGET = 12.2;
				MTL_ENABLE_DEBUG_INFO = NO;
				MTL_FAST_MATH = YES;
				SDKROOT = iphoneos;
				SWIFT_COMPILATION_MODE = wholemodule;
				SWIFT_OPTIMIZATION_LEVEL = "-O";
				VALIDATE_PRODUCT = YES;
			};
			name = Release;
		};
		18EDEBA222C10D1300A03DB5 /* Debug */ = {
			isa = XCBuildConfiguration;
			buildSettings = {
				ASSETCATALOG_COMPILER_APPICON_NAME = AppIcon;
				CODE_SIGN_STYLE = Automatic;
				INFOPLIST_FILE = "to do list/Info.plist";
				LD_RUNPATH_SEARCH_PATHS = (
					"$(inherited)",
					"@executable_path/Frameworks",
				);
				PRODUCT_BUNDLE_IDENTIFIER = "karen-lin.to-do-list";
				PRODUCT_NAME = "$(TARGET_NAME)";
				SWIFT_VERSION = 5.0;
				TARGETED_DEVICE_FAMILY = "1,2";
			};
			name = Debug;
		};
		18EDEBA322C10D1300A03DB5 /* Release */ = {
			isa = XCBuildConfiguration;
			buildSettings = {
				ASSETCATALOG_COMPILER_APPICON_NAME = AppIcon;
				CODE_SIGN_STYLE = Automatic;
				INFOPLIST_FILE = "to do list/Info.plist";
				LD_RUNPATH_SEARCH_PATHS = (
					"$(inherited)",
					"@executable_path/Frameworks",
				);
				PRODUCT_BUNDLE_IDENTIFIER = "karen-lin.to-do-list";
				PRODUCT_NAME = "$(TARGET_NAME)";
				SWIFT_VERSION = 5.0;
				TARGETED_DEVICE_FAMILY = "1,2";
			};
			name = Release;
		};
		18EDEBA522C10D1300A03DB5 /* Debug */ = {
			isa = XCBuildConfiguration;
			buildSettings = {
				ALWAYS_EMBED_SWIFT_STANDARD_LIBRARIES = YES;
				BUNDLE_LOADER = "$(TEST_HOST)";
				CODE_SIGN_STYLE = Automatic;
				INFOPLIST_FILE = "to do listTests/Info.plist";
				LD_RUNPATH_SEARCH_PATHS = (
					"$(inherited)",
					"@executable_path/Frameworks",
					"@loader_path/Frameworks",
				);
				PRODUCT_BUNDLE_IDENTIFIER = "karen-lin.to-do-listTests";
				PRODUCT_NAME = "$(TARGET_NAME)";
				SWIFT_VERSION = 5.0;
				TARGETED_DEVICE_FAMILY = "1,2";
				TEST_HOST = "$(BUILT_PRODUCTS_DIR)/to do list.app/to do list";
			};
			name = Debug;
		};
		18EDEBA622C10D1300A03DB5 /* Release */ = {
			isa = XCBuildConfiguration;
			buildSettings = {
				ALWAYS_EMBED_SWIFT_STANDARD_LIBRARIES = YES;
				BUNDLE_LOADER = "$(TEST_HOST)";
				CODE_SIGN_STYLE = Automatic;
				INFOPLIST_FILE = "to do listTests/Info.plist";
				LD_RUNPATH_SEARCH_PATHS = (
					"$(inherited)",
					"@executable_path/Frameworks",
					"@loader_path/Frameworks",
				);
				PRODUCT_BUNDLE_IDENTIFIER = "karen-lin.to-do-listTests";
				PRODUCT_NAME = "$(TARGET_NAME)";
				SWIFT_VERSION = 5.0;
				TARGETED_DEVICE_FAMILY = "1,2";
				TEST_HOST = "$(BUILT_PRODUCTS_DIR)/to do list.app/to do list";
			};
			name = Release;
		};
		18EDEBA822C10D1300A03DB5 /* Debug */ = {
			isa = XCBuildConfiguration;
			buildSettings = {
				ALWAYS_EMBED_SWIFT_STANDARD_LIBRARIES = YES;
				CODE_SIGN_STYLE = Automatic;
				INFOPLIST_FILE = "to do listUITests/Info.plist";
				LD_RUNPATH_SEARCH_PATHS = (
					"$(inherited)",
					"@executable_path/Frameworks",
					"@loader_path/Frameworks",
				);
				PRODUCT_BUNDLE_IDENTIFIER = "karen-lin.to-do-listUITests";
				PRODUCT_NAME = "$(TARGET_NAME)";
				SWIFT_VERSION = 5.0;
				TARGETED_DEVICE_FAMILY = "1,2";
				TEST_TARGET_NAME = "to do list";
			};
			name = Debug;
		};
		18EDEBA922C10D1300A03DB5 /* Release */ = {
			isa = XCBuildConfiguration;
			buildSettings = {
				ALWAYS_EMBED_SWIFT_STANDARD_LIBRARIES = YES;
				CODE_SIGN_STYLE = Automatic;
				INFOPLIST_FILE = "to do listUITests/Info.plist";
				LD_RUNPATH_SEARCH_PATHS = (
					"$(inherited)",
					"@executable_path/Frameworks",
					"@loader_path/Frameworks",
				);
				PRODUCT_BUNDLE_IDENTIFIER = "karen-lin.to-do-listUITests";
				PRODUCT_NAME = "$(TARGET_NAME)";
				SWIFT_VERSION = 5.0;
				TARGETED_DEVICE_FAMILY = "1,2";
				TEST_TARGET_NAME = "to do list";
			};
			name = Release;
		};
/* End XCBuildConfiguration section */

/* Begin XCConfigurationList section */
		18EDEB7122C10D1100A03DB5 /* Build configuration list for PBXProject "to do list" */ = {
			isa = XCConfigurationList;
			buildConfigurations = (
				18EDEB9F22C10D1300A03DB5 /* Debug */,
				18EDEBA022C10D1300A03DB5 /* Release */,
			);
			defaultConfigurationIsVisible = 0;
			defaultConfigurationName = Release;
		};
		18EDEBA122C10D1300A03DB5 /* Build configuration list for PBXNativeTarget "to do list" */ = {
			isa = XCConfigurationList;
			buildConfigurations = (
				18EDEBA222C10D1300A03DB5 /* Debug */,
				18EDEBA322C10D1300A03DB5 /* Release */,
			);
			defaultConfigurationIsVisible = 0;
			defaultConfigurationName = Release;
		};
		18EDEBA422C10D1300A03DB5 /* Build configuration list for PBXNativeTarget "to do listTests" */ = {
			isa = XCConfigurationList;
			buildConfigurations = (
				18EDEBA522C10D1300A03DB5 /* Debug */,
				18EDEBA622C10D1300A03DB5 /* Release */,
			);
			defaultConfigurationIsVisible = 0;
			defaultConfigurationName = Release;
		};
		18EDEBA722C10D1300A03DB5 /* Build configuration list for PBXNativeTarget "to do listUITests" */ = {
			isa = XCConfigurationList;
			buildConfigurations = (
				18EDEBA822C10D1300A03DB5 /* Debug */,
				18EDEBA922C10D1300A03DB5 /* Release */,
			);
			defaultConfigurationIsVisible = 0;
			defaultConfigurationName = Release;
		};
/* End XCConfigurationList section */

/* Begin XCVersionGroup section */
		18EDEB8022C10D1200A03DB5 /* to_do_list.xcdatamodeld */ = {
			isa = XCVersionGroup;
			children = (
				18EDEB8122C10D1200A03DB5 /* to_do_list.xcdatamodel */,
			);
			currentVersion = 18EDEB8122C10D1200A03DB5 /* to_do_list.xcdatamodel */;
			path = to_do_list.xcdatamodeld;
			sourceTree = "<group>";
			versionGroupType = wrapper.xcdatamodel;
		};
/* End XCVersionGroup section */
	};
	rootObject = 18EDEB6E22C10D1100A03DB5 /* Project object */;
}
